// !$*UTF8*$!
{
	archiveVersion = 1;
	classes = {
	};
	objectVersion = 50;
	objects = {

/* Begin PBXBuildFile section */
		6919A1630FA7334271641B3C /* Pods_UnderstandFluxProject.framework in Frameworks */ = {isa = PBXBuildFile; fileRef = AB15BEFCE63D009FBF57440A /* Pods_UnderstandFluxProject.framework */; };
		A5069B7121FED7A8006C669A /* ArtistsTableViewController.swift in Sources */ = {isa = PBXBuildFile; fileRef = A5069B7021FED7A8006C669A /* ArtistsTableViewController.swift */; };
		A5069B7321FED7B7006C669A /* ArtistDetailViewController.swift in Sources */ = {isa = PBXBuildFile; fileRef = A5069B7221FED7B7006C669A /* ArtistDetailViewController.swift */; };
		A5069B7521FED8C0006C669A /* MusicsTableViewController.swift in Sources */ = {isa = PBXBuildFile; fileRef = A5069B7421FED8C0006C669A /* MusicsTableViewController.swift */; };
		A5069B7721FEE120006C669A /* Artist.swift in Sources */ = {isa = PBXBuildFile; fileRef = A5069B7621FEE120006C669A /* Artist.swift */; };
		A5069B7921FEE128006C669A /* Music.swift in Sources */ = {isa = PBXBuildFile; fileRef = A5069B7821FEE128006C669A /* Music.swift */; };
		A5069B7B21FEE571006C669A /* PersistenceStore.swift in Sources */ = {isa = PBXBuildFile; fileRef = A5069B7A21FEE571006C669A /* PersistenceStore.swift */; };
		A5069B7F21FEFF51006C669A /* AppTabBarViewController.swift in Sources */ = {isa = PBXBuildFile; fileRef = A5069B7E21FEFF51006C669A /* AppTabBarViewController.swift */; };
		A5069BA1220075EA006C669A /* ExampleModel.swift in Sources */ = {isa = PBXBuildFile; fileRef = A5069BA0220075EA006C669A /* ExampleModel.swift */; };
		A5A1273B21FC599A00285F40 /* AppDelegate.swift in Sources */ = {isa = PBXBuildFile; fileRef = A5A1273A21FC599A00285F40 /* AppDelegate.swift */; };
		A5A1274021FC599A00285F40 /* Main.storyboard in Resources */ = {isa = PBXBuildFile; fileRef = A5A1273E21FC599A00285F40 /* Main.storyboard */; };
		A5A1274221FC599B00285F40 /* Assets.xcassets in Resources */ = {isa = PBXBuildFile; fileRef = A5A1274121FC599B00285F40 /* Assets.xcassets */; };
		A5A1274521FC599B00285F40 /* LaunchScreen.storyboard in Resources */ = {isa = PBXBuildFile; fileRef = A5A1274321FC599B00285F40 /* LaunchScreen.storyboard */; };
/* End PBXBuildFile section */

/* Begin PBXFileReference section */
		202F8D594E8020FA4FEADC18 /* Pods-UnderstandFluxProject.debug.xcconfig */ = {isa = PBXFileReference; includeInIndex = 1; lastKnownFileType = text.xcconfig; name = "Pods-UnderstandFluxProject.debug.xcconfig"; path = "Pods/Target Support Files/Pods-UnderstandFluxProject/Pods-UnderstandFluxProject.debug.xcconfig"; sourceTree = "<group>"; };
		A5069B7021FED7A8006C669A /* ArtistsTableViewController.swift */ = {isa = PBXFileReference; fileEncoding = 4; lastKnownFileType = sourcecode.swift; path = ArtistsTableViewController.swift; sourceTree = "<group>"; };
		A5069B7221FED7B7006C669A /* ArtistDetailViewController.swift */ = {isa = PBXFileReference; fileEncoding = 4; lastKnownFileType = sourcecode.swift; path = ArtistDetailViewController.swift; sourceTree = "<group>"; };
		A5069B7421FED8C0006C669A /* MusicsTableViewController.swift */ = {isa = PBXFileReference; lastKnownFileType = sourcecode.swift; path = MusicsTableViewController.swift; sourceTree = "<group>"; };
		A5069B7621FEE120006C669A /* Artist.swift */ = {isa = PBXFileReference; lastKnownFileType = sourcecode.swift; path = Artist.swift; sourceTree = "<group>"; };
		A5069B7821FEE128006C669A /* Music.swift */ = {isa = PBXFileReference; lastKnownFileType = sourcecode.swift; path = Music.swift; sourceTree = "<group>"; };
		A5069B7A21FEE571006C669A /* PersistenceStore.swift */ = {isa = PBXFileReference; lastKnownFileType = sourcecode.swift; path = PersistenceStore.swift; sourceTree = "<group>"; };
		A5069B7E21FEFF51006C669A /* AppTabBarViewController.swift */ = {isa = PBXFileReference; lastKnownFileType = sourcecode.swift; path = AppTabBarViewController.swift; sourceTree = "<group>"; };
		A5069BA0220075EA006C669A /* ExampleModel.swift */ = {isa = PBXFileReference; lastKnownFileType = sourcecode.swift; path = ExampleModel.swift; sourceTree = "<group>"; };
		A5A1273721FC599A00285F40 /* UnderstandFluxProject.app */ = {isa = PBXFileReference; explicitFileType = wrapper.application; includeInIndex = 0; path = UnderstandFluxProject.app; sourceTree = BUILT_PRODUCTS_DIR; };
		A5A1273A21FC599A00285F40 /* AppDelegate.swift */ = {isa = PBXFileReference; lastKnownFileType = sourcecode.swift; path = AppDelegate.swift; sourceTree = "<group>"; };
		A5A1273F21FC599A00285F40 /* Base */ = {isa = PBXFileReference; lastKnownFileType = file.storyboard; name = Base; path = Base.lproj/Main.storyboard; sourceTree = "<group>"; };
		A5A1274121FC599B00285F40 /* Assets.xcassets */ = {isa = PBXFileReference; lastKnownFileType = folder.assetcatalog; path = Assets.xcassets; sourceTree = "<group>"; };
		A5A1274421FC599B00285F40 /* Base */ = {isa = PBXFileReference; lastKnownFileType = file.storyboard; name = Base; path = Base.lproj/LaunchScreen.storyboard; sourceTree = "<group>"; };
		A5A1274621FC599B00285F40 /* Info.plist */ = {isa = PBXFileReference; lastKnownFileType = text.plist.xml; path = Info.plist; sourceTree = "<group>"; };
		AB15BEFCE63D009FBF57440A /* Pods_UnderstandFluxProject.framework */ = {isa = PBXFileReference; explicitFileType = wrapper.framework; includeInIndex = 0; path = Pods_UnderstandFluxProject.framework; sourceTree = BUILT_PRODUCTS_DIR; };
		C3511FD82255E754DBE59049 /* Pods-UnderstandFluxProject.release.xcconfig */ = {isa = PBXFileReference; includeInIndex = 1; lastKnownFileType = text.xcconfig; name = "Pods-UnderstandFluxProject.release.xcconfig"; path = "Pods/Target Support Files/Pods-UnderstandFluxProject/Pods-UnderstandFluxProject.release.xcconfig"; sourceTree = "<group>"; };
/* End PBXFileReference section */

/* Begin PBXFrameworksBuildPhase section */
		A5A1273421FC599A00285F40 /* Frameworks */ = {
			isa = PBXFrameworksBuildPhase;
			buildActionMask = 2147483647;
			files = (
				6919A1630FA7334271641B3C /* Pods_UnderstandFluxProject.framework in Frameworks */,
			);
			runOnlyForDeploymentPostprocessing = 0;
		};
/* End PBXFrameworksBuildPhase section */

/* Begin PBXGroup section */
		5A9EF597CC9EDB1D41E6F162 /* Pods */ = {
			isa = PBXGroup;
			children = (
				202F8D594E8020FA4FEADC18 /* Pods-UnderstandFluxProject.debug.xcconfig */,
				C3511FD82255E754DBE59049 /* Pods-UnderstandFluxProject.release.xcconfig */,
			);
			name = Pods;
			sourceTree = "<group>";
		};
		A5A1272E21FC599A00285F40 = {
			isa = PBXGroup;
			children = (
				A5A1273921FC599A00285F40 /* UnderstandFluxProject */,
				A5A1273821FC599A00285F40 /* Products */,
				5A9EF597CC9EDB1D41E6F162 /* Pods */,
				FD5348EF122F3376181A721E /* Frameworks */,
			);
			sourceTree = "<group>";
		};
		A5A1273821FC599A00285F40 /* Products */ = {
			isa = PBXGroup;
			children = (
				A5A1273721FC599A00285F40 /* UnderstandFluxProject.app */,
			);
			name = Products;
			sourceTree = "<group>";
		};
		A5A1273921FC599A00285F40 /* UnderstandFluxProject */ = {
			isa = PBXGroup;
			children = (
				A5A1273A21FC599A00285F40 /* AppDelegate.swift */,
				A5069B7021FED7A8006C669A /* ArtistsTableViewController.swift */,
				A5069B7221FED7B7006C669A /* ArtistDetailViewController.swift */,
				A5069B7421FED8C0006C669A /* MusicsTableViewController.swift */,
				A5069B7A21FEE571006C669A /* PersistenceStore.swift */,
				A5069BA0220075EA006C669A /* ExampleModel.swift */,
				A5069B7821FEE128006C669A /* Music.swift */,
				A5069B7621FEE120006C669A /* Artist.swift */,
				A5A1273E21FC599A00285F40 /* Main.storyboard */,
				A5A1274121FC599B00285F40 /* Assets.xcassets */,
				A5A1274321FC599B00285F40 /* LaunchScreen.storyboard */,
				A5A1274621FC599B00285F40 /* Info.plist */,
				A5069B7E21FEFF51006C669A /* AppTabBarViewController.swift */,
			);
			path = UnderstandFluxProject;
			sourceTree = "<group>";
		};
		FD5348EF122F3376181A721E /* Frameworks */ = {
			isa = PBXGroup;
			children = (
				AB15BEFCE63D009FBF57440A /* Pods_UnderstandFluxProject.framework */,
			);
			name = Frameworks;
			sourceTree = "<group>";
		};
/* End PBXGroup section */

/* Begin PBXNativeTarget section */
		A5A1273621FC599A00285F40 /* UnderstandFluxProject */ = {
			isa = PBXNativeTarget;
			buildConfigurationList = A5A1274921FC599B00285F40 /* Build configuration list for PBXNativeTarget "UnderstandFluxProject" */;
			buildPhases = (
				17992B149F11C86C35500642 /* [CP] Check Pods Manifest.lock */,
				A5A1273321FC599A00285F40 /* Sources */,
				A5A1273421FC599A00285F40 /* Frameworks */,
				A5A1273521FC599A00285F40 /* Resources */,
				7719DCA3529EB17801E2A267 /* [CP] Embed Pods Frameworks */,
			);
			buildRules = (
			);
			dependencies = (
			);
			name = UnderstandFluxProject;
			productName = UnderstandFluxProject;
			productReference = A5A1273721FC599A00285F40 /* UnderstandFluxProject.app */;
			productType = "com.apple.product-type.application";
		};
/* End PBXNativeTarget section */

/* Begin PBXProject section */
		A5A1272F21FC599A00285F40 /* Project object */ = {
			isa = PBXProject;
			attributes = {
				LastSwiftUpdateCheck = 1010;
				LastUpgradeCheck = 1010;
				ORGANIZATIONNAME = "Rebouh Aymen";
				TargetAttributes = {
					A5A1273621FC599A00285F40 = {
						CreatedOnToolsVersion = 10.1;
					};
				};
			};
			buildConfigurationList = A5A1273221FC599A00285F40 /* Build configuration list for PBXProject "UnderstandFluxProject" */;
			compatibilityVersion = "Xcode 9.3";
			developmentRegion = en;
			hasScannedForEncodings = 0;
			knownRegions = (
				en,
				Base,
			);
			mainGroup = A5A1272E21FC599A00285F40;
			productRefGroup = A5A1273821FC599A00285F40 /* Products */;
			projectDirPath = "";
			projectRoot = "";
			targets = (
				A5A1273621FC599A00285F40 /* UnderstandFluxProject */,
			);
		};
/* End PBXProject section */

/* Begin PBXResourcesBuildPhase section */
		A5A1273521FC599A00285F40 /* Resources */ = {
			isa = PBXResourcesBuildPhase;
			buildActionMask = 2147483647;
			files = (
				A5A1274521FC599B00285F40 /* LaunchScreen.storyboard in Resources */,
				A5A1274221FC599B00285F40 /* Assets.xcassets in Resources */,
				A5A1274021FC599A00285F40 /* Main.storyboard in Resources */,
			);
			runOnlyForDeploymentPostprocessing = 0;
		};
/* End PBXResourcesBuildPhase section */

/* Begin PBXShellScriptBuildPhase section */
		17992B149F11C86C35500642 /* [CP] Check Pods Manifest.lock */ = {
			isa = PBXShellScriptBuildPhase;
			buildActionMask = 2147483647;
			files = (
			);
			inputFileListPaths = (
			);
			inputPaths = (
				"${PODS_PODFILE_DIR_PATH}/Podfile.lock",
				"${PODS_ROOT}/Manifest.lock",
			);
			name = "[CP] Check Pods Manifest.lock";
			outputFileListPaths = (
			);
			outputPaths = (
				"$(DERIVED_FILE_DIR)/Pods-UnderstandFluxProject-checkManifestLockResult.txt",
			);
			runOnlyForDeploymentPostprocessing = 0;
			shellPath = /bin/sh;
			shellScript = "diff \"${PODS_PODFILE_DIR_PATH}/Podfile.lock\" \"${PODS_ROOT}/Manifest.lock\" > /dev/null\nif [ $? != 0 ] ; then\n    # print error to STDERR\n    echo \"error: The sandbox is not in sync with the Podfile.lock. Run 'pod install' or update your CocoaPods installation.\" >&2\n    exit 1\nfi\n# This output is used by Xcode 'outputs' to avoid re-running this script phase.\necho \"SUCCESS\" > \"${SCRIPT_OUTPUT_FILE_0}\"\n";
			showEnvVarsInLog = 0;
		};
		7719DCA3529EB17801E2A267 /* [CP] Embed Pods Frameworks */ = {
			isa = PBXShellScriptBuildPhase;
			buildActionMask = 2147483647;
			files = (
			);
			inputFileListPaths = (
			);
			inputPaths = (
				"${SRCROOT}/Pods/Target Support Files/Pods-UnderstandFluxProject/Pods-UnderstandFluxProject-frameworks.sh",
				"${BUILT_PRODUCTS_DIR}/RxAtomic/RxAtomic.framework",
				"${BUILT_PRODUCTS_DIR}/RxCocoa/RxCocoa.framework",
				"${BUILT_PRODUCTS_DIR}/RxSwift/RxSwift.framework",
			);
			name = "[CP] Embed Pods Frameworks";
			outputFileListPaths = (
			);
			outputPaths = (
				"${TARGET_BUILD_DIR}/${FRAMEWORKS_FOLDER_PATH}/RxAtomic.framework",
				"${TARGET_BUILD_DIR}/${FRAMEWORKS_FOLDER_PATH}/RxCocoa.framework",
				"${TARGET_BUILD_DIR}/${FRAMEWORKS_FOLDER_PATH}/RxSwift.framework",
			);
			runOnlyForDeploymentPostprocessing = 0;
			shellPath = /bin/sh;
			shellScript = "\"${SRCROOT}/Pods/Target Support Files/Pods-UnderstandFluxProject/Pods-UnderstandFluxProject-frameworks.sh\"\n";
			showEnvVarsInLog = 0;
		};
/* End PBXShellScriptBuildPhase section */

/* Begin PBXSourcesBuildPhase section */
		A5A1273321FC599A00285F40 /* Sources */ = {
			isa = PBXSourcesBuildPhase;
			buildActionMask = 2147483647;
			files = (
				A5069B7521FED8C0006C669A /* MusicsTableViewController.swift in Sources */,
				A5A1273B21FC599A00285F40 /* AppDelegate.swift in Sources */,
				A5069BA1220075EA006C669A /* ExampleModel.swift in Sources */,
				A5069B7121FED7A8006C669A /* ArtistsTableViewController.swift in Sources */,
				A5069B7721FEE120006C669A /* Artist.swift in Sources */,
				A5069B7F21FEFF51006C669A /* AppTabBarViewController.swift in Sources */,
				A5069B7B21FEE571006C669A /* PersistenceStore.swift in Sources */,
				A5069B7321FED7B7006C669A /* ArtistDetailViewController.swift in Sources */,
				A5069B7921FEE128006C669A /* Music.swift in Sources */,
			);
			runOnlyForDeploymentPostprocessing = 0;
		};
/* End PBXSourcesBuildPhase section */

/* Begin PBXVariantGroup section */
		A5A1273E21FC599A00285F40 /* Main.storyboard */ = {
			isa = PBXVariantGroup;
			children = (
				A5A1273F21FC599A00285F40 /* Base */,
			);
			name = Main.storyboard;
			sourceTree = "<group>";
		};
		A5A1274321FC599B00285F40 /* LaunchScreen.storyboard */ = {
			isa = PBXVariantGroup;
			children = (
				A5A1274421FC599B00285F40 /* Base */,
			);
			name = LaunchScreen.storyboard;
			sourceTree = "<group>";
		};
/* End PBXVariantGroup section */

/* Begin XCBuildConfiguration section */
		A5A1274721FC599B00285F40 /* Debug */ = {
			isa = XCBuildConfiguration;
			buildSettings = {
				ALWAYS_SEARCH_USER_PATHS = NO;
				CLANG_ANALYZER_NONNULL = YES;
				CLANG_ANALYZER_NUMBER_OBJECT_CONVERSION = YES_AGGRESSIVE;
				CLANG_CXX_LANGUAGE_STANDARD = "gnu++14";
				CLANG_CXX_LIBRARY = "libc++";
				CLANG_ENABLE_MODULES = YES;
				CLANG_ENABLE_OBJC_ARC = YES;
				CLANG_ENABLE_OBJC_WEAK = YES;
				CLANG_WARN_BLOCK_CAPTURE_AUTORELEASING = YES;
				CLANG_WARN_BOOL_CONVERSION = YES;
				CLANG_WARN_COMMA = YES;
				CLANG_WARN_CONSTANT_CONVERSION = YES;
				CLANG_WARN_DEPRECATED_OBJC_IMPLEMENTATIONS = YES;
				CLANG_WARN_DIRECT_OBJC_ISA_USAGE = YES_ERROR;
				CLANG_WARN_DOCUMENTATION_COMMENTS = YES;
				CLANG_WARN_EMPTY_BODY = YES;
				CLANG_WARN_ENUM_CONVERSION = YES;
				CLANG_WARN_INFINITE_RECURSION = YES;
				CLANG_WARN_INT_CONVERSION = YES;
				CLANG_WARN_NON_LITERAL_NULL_CONVERSION = YES;
				CLANG_WARN_OBJC_IMPLICIT_RETAIN_SELF = YES;
				CLANG_WARN_OBJC_LITERAL_CONVERSION = YES;
				CLANG_WARN_OBJC_ROOT_CLASS = YES_ERROR;
				CLANG_WARN_RANGE_LOOP_ANALYSIS = YES;
				CLANG_WARN_STRICT_PROTOTYPES = YES;
				CLANG_WARN_SUSPICIOUS_MOVE = YES;
				CLANG_WARN_UNGUARDED_AVAILABILITY = YES_AGGRESSIVE;
				CLANG_WARN_UNREACHABLE_CODE = YES;
				CLANG_WARN__DUPLICATE_METHOD_MATCH = YES;
				CODE_SIGN_IDENTITY = "iPhone Developer";
				COPY_PHASE_STRIP = NO;
				DEBUG_INFORMATION_FORMAT = dwarf;
				ENABLE_STRICT_OBJC_MSGSEND = YES;
				ENABLE_TESTABILITY = YES;
				GCC_C_LANGUAGE_STANDARD = gnu11;
				GCC_DYNAMIC_NO_PIC = NO;
				GCC_NO_COMMON_BLOCKS = YES;
				GCC_OPTIMIZATION_LEVEL = 0;
				GCC_PREPROCESSOR_DEFINITIONS = (
					"DEBUG=1",
					"$(inherited)",
				);
				GCC_WARN_64_TO_32_BIT_CONVERSION = YES;
				GCC_WARN_ABOUT_RETURN_TYPE = YES_ERROR;
				GCC_WARN_UNDECLARED_SELECTOR = YES;
				GCC_WARN_UNINITIALIZED_AUTOS = YES_AGGRESSIVE;
				GCC_WARN_UNUSED_FUNCTION = YES;
				GCC_WARN_UNUSED_VARIABLE = YES;
				IPHONEOS_DEPLOYMENT_TARGET = 12.1;
				MTL_ENABLE_DEBUG_INFO = INCLUDE_SOURCE;
				MTL_FAST_MATH = YES;
				ONLY_ACTIVE_ARCH = YES;
				SDKROOT = iphoneos;
				SWIFT_ACTIVE_COMPILATION_CONDITIONS = DEBUG;
				SWIFT_OPTIMIZATION_LEVEL = "-Onone";
			};
			name = Debug;
		};
		A5A1274821FC599B00285F40 /* Release */ = {
			isa = XCBuildConfiguration;
			buildSettings = {
				ALWAYS_SEARCH_USER_PATHS = NO;
				CLANG_ANALYZER_NONNULL = YES;
				CLANG_ANALYZER_NUMBER_OBJECT_CONVERSION = YES_AGGRESSIVE;
				CLANG_CXX_LANGUAGE_STANDARD = "gnu++14";
				CLANG_CXX_LIBRARY = "libc++";
				CLANG_ENABLE_MODULES = YES;
				CLANG_ENABLE_OBJC_ARC = YES;
				CLANG_ENABLE_OBJC_WEAK = YES;
				CLANG_WARN_BLOCK_CAPTURE_AUTORELEASING = YES;
				CLANG_WARN_BOOL_CONVERSION = YES;
				CLANG_WARN_COMMA = YES;
				CLANG_WARN_CONSTANT_CONVERSION = YES;
				CLANG_WARN_DEPRECATED_OBJC_IMPLEMENTATIONS = YES;
				CLANG_WARN_DIRECT_OBJC_ISA_USAGE = YES_ERROR;
				CLANG_WARN_DOCUMENTATION_COMMENTS = YES;
				CLANG_WARN_EMPTY_BODY = YES;
				CLANG_WARN_ENUM_CONVERSION = YES;
				CLANG_WARN_INFINITE_RECURSION = YES;
				CLANG_WARN_INT_CONVERSION = YES;
				CLANG_WARN_NON_LITERAL_NULL_CONVERSION = YES;
				CLANG_WARN_OBJC_IMPLICIT_RETAIN_SELF = YES;
				CLANG_WARN_OBJC_LITERAL_CONVERSION = YES;
				CLANG_WARN_OBJC_ROOT_CLASS = YES_ERROR;
				CLANG_WARN_RANGE_LOOP_ANALYSIS = YES;
				CLANG_WARN_STRICT_PROTOTYPES = YES;
				CLANG_WARN_SUSPICIOUS_MOVE = YES;
				CLANG_WARN_UNGUARDED_AVAILABILITY = YES_AGGRESSIVE;
				CLANG_WARN_UNREACHABLE_CODE = YES;
				CLANG_WARN__DUPLICATE_METHOD_MATCH = YES;
				CODE_SIGN_IDENTITY = "iPhone Developer";
				COPY_PHASE_STRIP = NO;
				DEBUG_INFORMATION_FORMAT = "dwarf-with-dsym";
				ENABLE_NS_ASSERTIONS = NO;
				ENABLE_STRICT_OBJC_MSGSEND = YES;
				GCC_C_LANGUAGE_STANDARD = gnu11;
				GCC_NO_COMMON_BLOCKS = YES;
				GCC_WARN_64_TO_32_BIT_CONVERSION = YES;
				GCC_WARN_ABOUT_RETURN_TYPE = YES_ERROR;
				GCC_WARN_UNDECLARED_SELECTOR = YES;
				GCC_WARN_UNINITIALIZED_AUTOS = YES_AGGRESSIVE;
				GCC_WARN_UNUSED_FUNCTION = YES;
				GCC_WARN_UNUSED_VARIABLE = YES;
				IPHONEOS_DEPLOYMENT_TARGET = 12.1;
				MTL_ENABLE_DEBUG_INFO = NO;
				MTL_FAST_MATH = YES;
				SDKROOT = iphoneos;
				SWIFT_COMPILATION_MODE = wholemodule;
				SWIFT_OPTIMIZATION_LEVEL = "-O";
				VALIDATE_PRODUCT = YES;
			};
			name = Release;
		};
		A5A1274A21FC599B00285F40 /* Debug */ = {
			isa = XCBuildConfiguration;
			baseConfigurationReference = 202F8D594E8020FA4FEADC18 /* Pods-UnderstandFluxProject.debug.xcconfig */;
			buildSettings = {
				ASSETCATALOG_COMPILER_APPICON_NAME = AppIcon;
				CODE_SIGN_STYLE = Automatic;
				DEVELOPMENT_TEAM = D7C48J3S5N;
				INFOPLIST_FILE = UnderstandFluxProject/Info.plist;
				LD_RUNPATH_SEARCH_PATHS = (
					"$(inherited)",
					"@executable_path/Frameworks",
				);
				PRODUCT_BUNDLE_IDENTIFIER = aymenworks.UnderstandFluxProject;
				PRODUCT_NAME = "$(TARGET_NAME)";
				SWIFT_VERSION = 4.2;
				TARGETED_DEVICE_FAMILY = 2;
			};
			name = Debug;
		};
		A5A1274B21FC599B00285F40 /* Release */ = {
			isa = XCBuildConfiguration;
			baseConfigurationReference = C3511FD82255E754DBE59049 /* Pods-UnderstandFluxProject.release.xcconfig */;
			buildSettings = {
				ASSETCATALOG_COMPILER_APPICON_NAME = AppIcon;
				CODE_SIGN_STYLE = Automatic;
				DEVELOPMENT_TEAM = D7C48J3S5N;
				INFOPLIST_FILE = UnderstandFluxProject/Info.plist;
				LD_RUNPATH_SEARCH_PATHS = (
					"$(inherited)",
					"@executable_path/Frameworks",
				);
				PRODUCT_BUNDLE_IDENTIFIER = aymenworks.UnderstandFluxProject;
				PRODUCT_NAME = "$(TARGET_NAME)";
				SWIFT_VERSION = 4.2;
				TARGETED_DEVICE_FAMILY = 2;
			};
			name = Release;
		};
/* End XCBuildConfiguration section */

/* Begin XCConfigurationList section */
		A5A1273221FC599A00285F40 /* Build configuration list for PBXProject "UnderstandFluxProject" */ = {
			isa = XCConfigurationList;
			buildConfigurations = (
				A5A1274721FC599B00285F40 /* Debug */,
				A5A1274821FC599B00285F40 /* Release */,
			);
			defaultConfigurationIsVisible = 0;
			defaultConfigurationName = Release;
		};
		A5A1274921FC599B00285F40 /* Build configuration list for PBXNativeTarget "UnderstandFluxProject" */ = {
			isa = XCConfigurationList;
			buildConfigurations = (
				A5A1274A21FC599B00285F40 /* Debug */,
				A5A1274B21FC599B00285F40 /* Release */,
			);
			defaultConfigurationIsVisible = 0;
			defaultConfigurationName = Release;
		};
/* End XCConfigurationList section */
	};
	rootObject = A5A1272F21FC599A00285F40 /* Project object */;
}
